
Microsoft Visual Studio Solution File, Format Version 12.00
# Visual Studio Version 17
VisualStudioVersion = 17.2.32630.192
MinimumVisualStudioVersion = 10.0.40219.1
Project("{9A19103F-16F7-4668-BE54-9A1E7A4F7556}") = "MOCAppWPF", "MOCAppWPF\MOCAppWPF.csproj", "{BFFA8BA1-E297-4C61-91A0-FBAD37FDF633}"
EndProject
Project("{FAE04EC0-301F-11D3-BF4B-00C04F79EFBC}") = "MaritimeAppLibrary", "..\MaritimeAppLibraryApp\MaritimeAppLibrary\MaritimeAppLibrary.csproj", "{B7EFA80B-4263-41E0-9E5A-3C3804F3ED07}"
EndProject
Global
	GlobalSection(SolutionConfigurationPlatforms) = preSolution
		Debug|Any CPU = Debug|Any CPU
		Release|Any CPU = Release|Any CPU
	EndGlobalSection
	GlobalSection(ProjectConfigurationPlatforms) = postSolution
		{BFFA8BA1-E297-4C61-91A0-FBAD37FDF633}.Debug|Any CPU.ActiveCfg = Debug|Any CPU
		{BFFA8BA1-E297-4C61-91A0-FBAD37FDF633}.Debug|Any CPU.Build.0 = Debug|Any CPU
		{BFFA8BA1-E297-4C61-91A0-FBAD37FDF633}.Release|Any CPU.ActiveCfg = Release|Any CPU
		{BFFA8BA1-E297-4C61-91A0-FBAD37FDF633}.Release|Any CPU.Build.0 = Release|Any CPU
		{B7EFA80B-4263-41E0-9E5A-3C3804F3ED07}.Debug|Any CPU.ActiveCfg = Debug|Any CPU
		{B7EFA80B-4263-41E0-9E5A-3C3804F3ED07}.Debug|Any CPU.Build.0 = Debug|Any CPU
		{B7EFA80B-4263-41E0-9E5A-3C3804F3ED07}.Release|Any CPU.ActiveCfg = Release|Any CPU
		{B7EFA80B-4263-41E0-9E5A-3C3804F3ED07}.Release|Any CPU.Build.0 = Release|Any CPU
	EndGlobalSection
	GlobalSection(SolutionProperties) = preSolution
		HideSolutionNode = FALSE
	EndGlobalSection
	GlobalSection(ExtensibilityGlobals) = postSolution
		SolutionGuid = {541222FC-67FD-454B-9350-2F6D982BEED5}
	EndGlobalSection
EndGlobal
